// !$*UTF8*$!
{
	archiveVersion = 1;
	classes = {
	};
	objectVersion = 56;
	objects = {

/* Begin PBXBuildFile section */
		19A266F750290B3F42BBDB16 /* Pods_Flixter_FlixterUITests.framework in Frameworks */ = {isa = PBXBuildFile; fileRef = A41F0DB87F838A4C86C360CE /* Pods_Flixter_FlixterUITests.framework */; };
		7ED23628C3CF862BB2486A04 /* Pods_FlixterTests.framework in Frameworks */ = {isa = PBXBuildFile; fileRef = 61598FE86A7B1EE16437F52F /* Pods_FlixterTests.framework */; };
		D408C1C32A16A12300FDAFF2 /* PosterComponent.mm in Sources */ = {isa = PBXBuildFile; fileRef = D408C1C22A16A12300FDAFF2 /* PosterComponent.mm */; };
		D408C1C72A170D2F00FDAFF2 /* MoviesViewModel.m in Sources */ = {isa = PBXBuildFile; fileRef = D408C1C62A170D2F00FDAFF2 /* MoviesViewModel.m */; };
		D4A27D2E2A15589600BAC32F /* MovieComponent.mm in Sources */ = {isa = PBXBuildFile; fileRef = D4A27D2D2A15589600BAC32F /* MovieComponent.mm */; };
		D4A27D312A156CD300BAC32F /* ImageDownloader.mm in Sources */ = {isa = PBXBuildFile; fileRef = D4A27D302A156CD300BAC32F /* ImageDownloader.mm */; };
		D4CCE8C12A154839008151F5 /* NetworkManager.m in Sources */ = {isa = PBXBuildFile; fileRef = D4CCE8C02A154839008151F5 /* NetworkManager.m */; };
		D4CCE8C82A1549A7008151F5 /* Movie.m in Sources */ = {isa = PBXBuildFile; fileRef = D4CCE8C72A1549A7008151F5 /* Movie.m */; };
		D4DFA8E42A140EE9002C66B8 /* AppDelegate.m in Sources */ = {isa = PBXBuildFile; fileRef = D4DFA8E32A140EE9002C66B8 /* AppDelegate.m */; };
		D4DFA8E72A140EE9002C66B8 /* SceneDelegate.m in Sources */ = {isa = PBXBuildFile; fileRef = D4DFA8E62A140EE9002C66B8 /* SceneDelegate.m */; };
		D4DFA8EF2A140EEA002C66B8 /* Assets.xcassets in Resources */ = {isa = PBXBuildFile; fileRef = D4DFA8EE2A140EEA002C66B8 /* Assets.xcassets */; };
		D4DFA8F52A140EEA002C66B8 /* main.m in Sources */ = {isa = PBXBuildFile; fileRef = D4DFA8F42A140EEA002C66B8 /* main.m */; };
		D4DFA8FF2A140EEA002C66B8 /* FlixterTests.m in Sources */ = {isa = PBXBuildFile; fileRef = D4DFA8FE2A140EEA002C66B8 /* FlixterTests.m */; };
		D4DFA9092A140EEA002C66B8 /* FlixterUITests.m in Sources */ = {isa = PBXBuildFile; fileRef = D4DFA9082A140EEA002C66B8 /* FlixterUITests.m */; };
		D4DFA90B2A140EEA002C66B8 /* FlixterUITestsLaunchTests.m in Sources */ = {isa = PBXBuildFile; fileRef = D4DFA90A2A140EEA002C66B8 /* FlixterUITestsLaunchTests.m */; };
		D4DFA91D2A141681002C66B8 /* HelloWorldComponent.mm in Sources */ = {isa = PBXBuildFile; fileRef = D4DFA91C2A141681002C66B8 /* HelloWorldComponent.mm */; };
		D4E6309B2A1516A00015222B /* RootComponentProvider.mm in Sources */ = {isa = PBXBuildFile; fileRef = D4E6309A2A1516A00015222B /* RootComponentProvider.mm */; };
		D4E6309D2A1517AE0015222B /* FlixterViewController.mm in Sources */ = {isa = PBXBuildFile; fileRef = D4E6309C2A1517AE0015222B /* FlixterViewController.mm */; };
		F1F4983450B010B87F29CC33 /* Pods_Flixter.framework in Frameworks */ = {isa = PBXBuildFile; fileRef = 27C14C4AB1BCDDCFD44CB5F2 /* Pods_Flixter.framework */; };
/* End PBXBuildFile section */

/* Begin PBXContainerItemProxy section */
		D4DFA8FB2A140EEA002C66B8 /* PBXContainerItemProxy */ = {
			isa = PBXContainerItemProxy;
			containerPortal = D4DFA8D72A140EE9002C66B8 /* Project object */;
			proxyType = 1;
			remoteGlobalIDString = D4DFA8DE2A140EE9002C66B8;
			remoteInfo = Flixter;
		};
		D4DFA9052A140EEA002C66B8 /* PBXContainerItemProxy */ = {
			isa = PBXContainerItemProxy;
			containerPortal = D4DFA8D72A140EE9002C66B8 /* Project object */;
			proxyType = 1;
			remoteGlobalIDString = D4DFA8DE2A140EE9002C66B8;
			remoteInfo = Flixter;
		};
/* End PBXContainerItemProxy section */

/* Begin PBXFileReference section */
		261455C15A75BE2A6A46010C /* Pods-Flixter-FlixterUITests.debug.xcconfig */ = {isa = PBXFileReference; includeInIndex = 1; lastKnownFileType = text.xcconfig; name = "Pods-Flixter-FlixterUITests.debug.xcconfig"; path = "Target Support Files/Pods-Flixter-FlixterUITests/Pods-Flixter-FlixterUITests.debug.xcconfig"; sourceTree = "<group>"; };
		27C14C4AB1BCDDCFD44CB5F2 /* Pods_Flixter.framework */ = {isa = PBXFileReference; explicitFileType = wrapper.framework; includeInIndex = 0; path = Pods_Flixter.framework; sourceTree = BUILT_PRODUCTS_DIR; };
		5B62BAE1874EBFCA2A59F262 /* Pods-Flixter.release.xcconfig */ = {isa = PBXFileReference; includeInIndex = 1; lastKnownFileType = text.xcconfig; name = "Pods-Flixter.release.xcconfig"; path = "Target Support Files/Pods-Flixter/Pods-Flixter.release.xcconfig"; sourceTree = "<group>"; };
		5FC07D0D0E89E6AF3E77692F /* Pods-FlixterTests.release.xcconfig */ = {isa = PBXFileReference; includeInIndex = 1; lastKnownFileType = text.xcconfig; name = "Pods-FlixterTests.release.xcconfig"; path = "Target Support Files/Pods-FlixterTests/Pods-FlixterTests.release.xcconfig"; sourceTree = "<group>"; };
		61598FE86A7B1EE16437F52F /* Pods_FlixterTests.framework */ = {isa = PBXFileReference; explicitFileType = wrapper.framework; includeInIndex = 0; path = Pods_FlixterTests.framework; sourceTree = BUILT_PRODUCTS_DIR; };
		9307C76D72C2620008AA150A /* Pods-Flixter-FlixterUITests.release.xcconfig */ = {isa = PBXFileReference; includeInIndex = 1; lastKnownFileType = text.xcconfig; name = "Pods-Flixter-FlixterUITests.release.xcconfig"; path = "Target Support Files/Pods-Flixter-FlixterUITests/Pods-Flixter-FlixterUITests.release.xcconfig"; sourceTree = "<group>"; };
		A41F0DB87F838A4C86C360CE /* Pods_Flixter_FlixterUITests.framework */ = {isa = PBXFileReference; explicitFileType = wrapper.framework; includeInIndex = 0; path = Pods_Flixter_FlixterUITests.framework; sourceTree = BUILT_PRODUCTS_DIR; };
		A5141A98A08C329DD3E8D327 /* Pods-FlixterTests.debug.xcconfig */ = {isa = PBXFileReference; includeInIndex = 1; lastKnownFileType = text.xcconfig; name = "Pods-FlixterTests.debug.xcconfig"; path = "Target Support Files/Pods-FlixterTests/Pods-FlixterTests.debug.xcconfig"; sourceTree = "<group>"; };
		ABC7F3B452CE8EE4E04FC9BD /* Pods-Flixter.debug.xcconfig */ = {isa = PBXFileReference; includeInIndex = 1; lastKnownFileType = text.xcconfig; name = "Pods-Flixter.debug.xcconfig"; path = "Target Support Files/Pods-Flixter/Pods-Flixter.debug.xcconfig"; sourceTree = "<group>"; };
		D408C1C12A16A12300FDAFF2 /* PosterComponent.h */ = {isa = PBXFileReference; lastKnownFileType = sourcecode.c.h; path = PosterComponent.h; sourceTree = "<group>"; };
		D408C1C22A16A12300FDAFF2 /* PosterComponent.mm */ = {isa = PBXFileReference; lastKnownFileType = sourcecode.cpp.objcpp; path = PosterComponent.mm; sourceTree = "<group>"; };
		D408C1C52A170D2F00FDAFF2 /* MoviesViewModel.h */ = {isa = PBXFileReference; lastKnownFileType = sourcecode.c.h; path = MoviesViewModel.h; sourceTree = "<group>"; };
		D408C1C62A170D2F00FDAFF2 /* MoviesViewModel.m */ = {isa = PBXFileReference; lastKnownFileType = sourcecode.c.objc; path = MoviesViewModel.m; sourceTree = "<group>"; };
		D4A27D2C2A15589600BAC32F /* MovieComponent.h */ = {isa = PBXFileReference; lastKnownFileType = sourcecode.c.h; path = MovieComponent.h; sourceTree = "<group>"; };
		D4A27D2D2A15589600BAC32F /* MovieComponent.mm */ = {isa = PBXFileReference; lastKnownFileType = sourcecode.cpp.objcpp; path = MovieComponent.mm; sourceTree = "<group>"; };
		D4A27D2F2A156CD300BAC32F /* ImageDownloader.h */ = {isa = PBXFileReference; lastKnownFileType = sourcecode.c.h; path = ImageDownloader.h; sourceTree = "<group>"; };
		D4A27D302A156CD300BAC32F /* ImageDownloader.mm */ = {isa = PBXFileReference; lastKnownFileType = sourcecode.cpp.objcpp; path = ImageDownloader.mm; sourceTree = "<group>"; };
		D4CCE8BF2A154839008151F5 /* NetworkManager.h */ = {isa = PBXFileReference; lastKnownFileType = sourcecode.c.h; path = NetworkManager.h; sourceTree = "<group>"; };
		D4CCE8C02A154839008151F5 /* NetworkManager.m */ = {isa = PBXFileReference; lastKnownFileType = sourcecode.c.objc; path = NetworkManager.m; sourceTree = "<group>"; };
		D4CCE8C62A1549A7008151F5 /* Movie.h */ = {isa = PBXFileReference; lastKnownFileType = sourcecode.c.h; path = Movie.h; sourceTree = "<group>"; };
		D4CCE8C72A1549A7008151F5 /* Movie.m */ = {isa = PBXFileReference; lastKnownFileType = sourcecode.c.objc; path = Movie.m; sourceTree = "<group>"; };
		D4DFA8DF2A140EE9002C66B8 /* Flixter.app */ = {isa = PBXFileReference; explicitFileType = wrapper.application; includeInIndex = 0; path = Flixter.app; sourceTree = BUILT_PRODUCTS_DIR; };
		D4DFA8E22A140EE9002C66B8 /* AppDelegate.h */ = {isa = PBXFileReference; lastKnownFileType = sourcecode.c.h; path = AppDelegate.h; sourceTree = "<group>"; };
		D4DFA8E32A140EE9002C66B8 /* AppDelegate.m */ = {isa = PBXFileReference; lastKnownFileType = sourcecode.c.objc; path = AppDelegate.m; sourceTree = "<group>"; };
		D4DFA8E52A140EE9002C66B8 /* SceneDelegate.h */ = {isa = PBXFileReference; lastKnownFileType = sourcecode.c.h; path = SceneDelegate.h; sourceTree = "<group>"; };
		D4DFA8E62A140EE9002C66B8 /* SceneDelegate.m */ = {isa = PBXFileReference; lastKnownFileType = sourcecode.c.objc; path = SceneDelegate.m; sourceTree = "<group>"; };
		D4DFA8EE2A140EEA002C66B8 /* Assets.xcassets */ = {isa = PBXFileReference; lastKnownFileType = folder.assetcatalog; path = Assets.xcassets; sourceTree = "<group>"; };
		D4DFA8F32A140EEA002C66B8 /* Info.plist */ = {isa = PBXFileReference; lastKnownFileType = text.plist.xml; path = Info.plist; sourceTree = "<group>"; };
		D4DFA8F42A140EEA002C66B8 /* main.m */ = {isa = PBXFileReference; lastKnownFileType = sourcecode.c.objc; path = main.m; sourceTree = "<group>"; };
		D4DFA8FA2A140EEA002C66B8 /* FlixterTests.xctest */ = {isa = PBXFileReference; explicitFileType = wrapper.cfbundle; includeInIndex = 0; path = FlixterTests.xctest; sourceTree = BUILT_PRODUCTS_DIR; };
		D4DFA8FE2A140EEA002C66B8 /* FlixterTests.m */ = {isa = PBXFileReference; lastKnownFileType = sourcecode.c.objc; path = FlixterTests.m; sourceTree = "<group>"; };
		D4DFA9042A140EEA002C66B8 /* FlixterUITests.xctest */ = {isa = PBXFileReference; explicitFileType = wrapper.cfbundle; includeInIndex = 0; path = FlixterUITests.xctest; sourceTree = BUILT_PRODUCTS_DIR; };
		D4DFA9082A140EEA002C66B8 /* FlixterUITests.m */ = {isa = PBXFileReference; lastKnownFileType = sourcecode.c.objc; path = FlixterUITests.m; sourceTree = "<group>"; };
		D4DFA90A2A140EEA002C66B8 /* FlixterUITestsLaunchTests.m */ = {isa = PBXFileReference; lastKnownFileType = sourcecode.c.objc; path = FlixterUITestsLaunchTests.m; sourceTree = "<group>"; };
		D4DFA9192A141532002C66B8 /* FlixterViewController.h */ = {isa = PBXFileReference; lastKnownFileType = sourcecode.c.h; path = FlixterViewController.h; sourceTree = "<group>"; };
		D4DFA91C2A141681002C66B8 /* HelloWorldComponent.mm */ = {isa = PBXFileReference; lastKnownFileType = sourcecode.cpp.objcpp; path = HelloWorldComponent.mm; sourceTree = "<group>"; };
		D4DFA91E2A1416C3002C66B8 /* HelloWorldComponent.h */ = {isa = PBXFileReference; lastKnownFileType = sourcecode.c.h; path = HelloWorldComponent.h; sourceTree = "<group>"; };
		D4E630992A1516A00015222B /* RootComponentProvider.h */ = {isa = PBXFileReference; lastKnownFileType = sourcecode.c.h; path = RootComponentProvider.h; sourceTree = "<group>"; };
		D4E6309A2A1516A00015222B /* RootComponentProvider.mm */ = {isa = PBXFileReference; lastKnownFileType = sourcecode.cpp.objcpp; path = RootComponentProvider.mm; sourceTree = "<group>"; };
		D4E6309C2A1517AE0015222B /* FlixterViewController.mm */ = {isa = PBXFileReference; lastKnownFileType = sourcecode.cpp.objcpp; path = FlixterViewController.mm; sourceTree = "<group>"; };
/* End PBXFileReference section */

/* Begin PBXFrameworksBuildPhase section */
		D4DFA8DC2A140EE9002C66B8 /* Frameworks */ = {
			isa = PBXFrameworksBuildPhase;
			buildActionMask = 2147483647;
			files = (
				F1F4983450B010B87F29CC33 /* Pods_Flixter.framework in Frameworks */,
			);
			runOnlyForDeploymentPostprocessing = 0;
		};
		D4DFA8F72A140EEA002C66B8 /* Frameworks */ = {
			isa = PBXFrameworksBuildPhase;
			buildActionMask = 2147483647;
			files = (
				7ED23628C3CF862BB2486A04 /* Pods_FlixterTests.framework in Frameworks */,
			);
			runOnlyForDeploymentPostprocessing = 0;
		};
		D4DFA9012A140EEA002C66B8 /* Frameworks */ = {
			isa = PBXFrameworksBuildPhase;
			buildActionMask = 2147483647;
			files = (
				19A266F750290B3F42BBDB16 /* Pods_Flixter_FlixterUITests.framework in Frameworks */,
			);
			runOnlyForDeploymentPostprocessing = 0;
		};
/* End PBXFrameworksBuildPhase section */

/* Begin PBXGroup section */
		1FCC3DDA697C7A1753812C6A /* Frameworks */ = {
			isa = PBXGroup;
			children = (
				27C14C4AB1BCDDCFD44CB5F2 /* Pods_Flixter.framework */,
				A41F0DB87F838A4C86C360CE /* Pods_Flixter_FlixterUITests.framework */,
				61598FE86A7B1EE16437F52F /* Pods_FlixterTests.framework */,
			);
			name = Frameworks;
			sourceTree = "<group>";
		};
		86ECFBF637F09DDCB13F7E77 /* Pods */ = {
			isa = PBXGroup;
			children = (
				ABC7F3B452CE8EE4E04FC9BD /* Pods-Flixter.debug.xcconfig */,
				5B62BAE1874EBFCA2A59F262 /* Pods-Flixter.release.xcconfig */,
				261455C15A75BE2A6A46010C /* Pods-Flixter-FlixterUITests.debug.xcconfig */,
				9307C76D72C2620008AA150A /* Pods-Flixter-FlixterUITests.release.xcconfig */,
				A5141A98A08C329DD3E8D327 /* Pods-FlixterTests.debug.xcconfig */,
				5FC07D0D0E89E6AF3E77692F /* Pods-FlixterTests.release.xcconfig */,
			);
			path = Pods;
			sourceTree = "<group>";
		};
		D4CCE8B32A15343A008151F5 /* Providers */ = {
			isa = PBXGroup;
			children = (
				D4E630992A1516A00015222B /* RootComponentProvider.h */,
				D4E6309A2A1516A00015222B /* RootComponentProvider.mm */,
			);
			path = Providers;
			sourceTree = "<group>";
		};
		D4CCE8BE2A154818008151F5 /* Services */ = {
			isa = PBXGroup;
			children = (
				D4CCE8BF2A154839008151F5 /* NetworkManager.h */,
				D4CCE8C02A154839008151F5 /* NetworkManager.m */,
				D4A27D2F2A156CD300BAC32F /* ImageDownloader.h */,
				D4A27D302A156CD300BAC32F /* ImageDownloader.mm */,
			);
			path = Services;
			sourceTree = "<group>";
		};
		D4DFA8D62A140EE9002C66B8 = {
			isa = PBXGroup;
			children = (
				D4DFA8E12A140EE9002C66B8 /* Flixter */,
				D4DFA8FD2A140EEA002C66B8 /* FlixterTests */,
				D4DFA9072A140EEA002C66B8 /* FlixterUITests */,
				D4DFA8E02A140EE9002C66B8 /* Products */,
				86ECFBF637F09DDCB13F7E77 /* Pods */,
				1FCC3DDA697C7A1753812C6A /* Frameworks */,
			);
			sourceTree = "<group>";
		};
		D4DFA8E02A140EE9002C66B8 /* Products */ = {
			isa = PBXGroup;
			children = (
				D4DFA8DF2A140EE9002C66B8 /* Flixter.app */,
				D4DFA8FA2A140EEA002C66B8 /* FlixterTests.xctest */,
				D4DFA9042A140EEA002C66B8 /* FlixterUITests.xctest */,
			);
			name = Products;
			sourceTree = "<group>";
		};
		D4DFA8E12A140EE9002C66B8 /* Flixter */ = {
			isa = PBXGroup;
			children = (
				D4CCE8BE2A154818008151F5 /* Services */,
				D4CCE8B32A15343A008151F5 /* Providers */,
				D4DFA9222A143495002C66B8 /* Models */,
				D4DFA9182A14147F002C66B8 /* ViewControllers */,
				D4DFA9172A14145C002C66B8 /* Components */,
				D4DFA8E22A140EE9002C66B8 /* AppDelegate.h */,
				D4DFA8E32A140EE9002C66B8 /* AppDelegate.m */,
				D4DFA8E52A140EE9002C66B8 /* SceneDelegate.h */,
				D4DFA8E62A140EE9002C66B8 /* SceneDelegate.m */,
				D4DFA8EE2A140EEA002C66B8 /* Assets.xcassets */,
				D4DFA8F32A140EEA002C66B8 /* Info.plist */,
				D4DFA8F42A140EEA002C66B8 /* main.m */,
			);
			path = Flixter;
			sourceTree = "<group>";
		};
		D4DFA8FD2A140EEA002C66B8 /* FlixterTests */ = {
			isa = PBXGroup;
			children = (
				D4DFA8FE2A140EEA002C66B8 /* FlixterTests.m */,
			);
			path = FlixterTests;
			sourceTree = "<group>";
		};
		D4DFA9072A140EEA002C66B8 /* FlixterUITests */ = {
			isa = PBXGroup;
			children = (
				D4DFA9082A140EEA002C66B8 /* FlixterUITests.m */,
				D4DFA90A2A140EEA002C66B8 /* FlixterUITestsLaunchTests.m */,
			);
			path = FlixterUITests;
			sourceTree = "<group>";
		};
		D4DFA9172A14145C002C66B8 /* Components */ = {
			isa = PBXGroup;
			children = (
				D4DFA91C2A141681002C66B8 /* HelloWorldComponent.mm */,
				D4DFA91E2A1416C3002C66B8 /* HelloWorldComponent.h */,
				D4A27D2C2A15589600BAC32F /* MovieComponent.h */,
				D4A27D2D2A15589600BAC32F /* MovieComponent.mm */,
				D408C1C12A16A12300FDAFF2 /* PosterComponent.h */,
				D408C1C22A16A12300FDAFF2 /* PosterComponent.mm */,
			);
			path = Components;
			sourceTree = "<group>";
		};
		D4DFA9182A14147F002C66B8 /* ViewControllers */ = {
			isa = PBXGroup;
			children = (
				D4DFA9192A141532002C66B8 /* FlixterViewController.h */,
				D4E6309C2A1517AE0015222B /* FlixterViewController.mm */,
			);
			path = ViewControllers;
			sourceTree = "<group>";
		};
		D4DFA9222A143495002C66B8 /* Models */ = {
			isa = PBXGroup;
			children = (
				D4CCE8C62A1549A7008151F5 /* Movie.h */,
				D4CCE8C72A1549A7008151F5 /* Movie.m */,
				D408C1C52A170D2F00FDAFF2 /* MoviesViewModel.h */,
				D408C1C62A170D2F00FDAFF2 /* MoviesViewModel.m */,
			);
			path = Models;
			sourceTree = "<group>";
		};
/* End PBXGroup section */

/* Begin PBXNativeTarget section */
		D4DFA8DE2A140EE9002C66B8 /* Flixter */ = {
			isa = PBXNativeTarget;
			buildConfigurationList = D4DFA90E2A140EEA002C66B8 /* Build configuration list for PBXNativeTarget "Flixter" */;
			buildPhases = (
				81E7707027D51B275E6C069C /* [CP] Check Pods Manifest.lock */,
				D4DFA8DB2A140EE9002C66B8 /* Sources */,
				D4DFA8DC2A140EE9002C66B8 /* Frameworks */,
				D4DFA8DD2A140EE9002C66B8 /* Resources */,
				7D75E6B39DF5F72A35926E64 /* [CP] Embed Pods Frameworks */,
			);
			buildRules = (
			);
			dependencies = (
			);
			name = Flixter;
			productName = Flixter;
			productReference = D4DFA8DF2A140EE9002C66B8 /* Flixter.app */;
			productType = "com.apple.product-type.application";
		};
		D4DFA8F92A140EEA002C66B8 /* FlixterTests */ = {
			isa = PBXNativeTarget;
			buildConfigurationList = D4DFA9112A140EEA002C66B8 /* Build configuration list for PBXNativeTarget "FlixterTests" */;
			buildPhases = (
				7BF7C936D86EF58A53118AC6 /* [CP] Check Pods Manifest.lock */,
				D4DFA8F62A140EEA002C66B8 /* Sources */,
				D4DFA8F72A140EEA002C66B8 /* Frameworks */,
				D4DFA8F82A140EEA002C66B8 /* Resources */,
			);
			buildRules = (
			);
			dependencies = (
				D4DFA8FC2A140EEA002C66B8 /* PBXTargetDependency */,
			);
			name = FlixterTests;
			productName = FlixterTests;
			productReference = D4DFA8FA2A140EEA002C66B8 /* FlixterTests.xctest */;
			productType = "com.apple.product-type.bundle.unit-test";
		};
		D4DFA9032A140EEA002C66B8 /* FlixterUITests */ = {
			isa = PBXNativeTarget;
			buildConfigurationList = D4DFA9142A140EEA002C66B8 /* Build configuration list for PBXNativeTarget "FlixterUITests" */;
			buildPhases = (
				12B4274A80CA93339390D444 /* [CP] Check Pods Manifest.lock */,
				D4DFA9002A140EEA002C66B8 /* Sources */,
				D4DFA9012A140EEA002C66B8 /* Frameworks */,
				D4DFA9022A140EEA002C66B8 /* Resources */,
				EE19683DC96B920A025A8428 /* [CP] Embed Pods Frameworks */,
			);
			buildRules = (
			);
			dependencies = (
				D4DFA9062A140EEA002C66B8 /* PBXTargetDependency */,
			);
			name = FlixterUITests;
			productName = FlixterUITests;
			productReference = D4DFA9042A140EEA002C66B8 /* FlixterUITests.xctest */;
			productType = "com.apple.product-type.bundle.ui-testing";
		};
/* End PBXNativeTarget section */

/* Begin PBXProject section */
		D4DFA8D72A140EE9002C66B8 /* Project object */ = {
			isa = PBXProject;
			attributes = {
				BuildIndependentTargetsInParallel = 1;
				LastUpgradeCheck = 1420;
				TargetAttributes = {
					D4DFA8DE2A140EE9002C66B8 = {
						CreatedOnToolsVersion = 14.2;
					};
					D4DFA8F92A140EEA002C66B8 = {
						CreatedOnToolsVersion = 14.2;
						TestTargetID = D4DFA8DE2A140EE9002C66B8;
					};
					D4DFA9032A140EEA002C66B8 = {
						CreatedOnToolsVersion = 14.2;
						TestTargetID = D4DFA8DE2A140EE9002C66B8;
					};
				};
			};
			buildConfigurationList = D4DFA8DA2A140EE9002C66B8 /* Build configuration list for PBXProject "Flixter" */;
			compatibilityVersion = "Xcode 14.0";
			developmentRegion = en;
			hasScannedForEncodings = 0;
			knownRegions = (
				en,
				Base,
			);
			mainGroup = D4DFA8D62A140EE9002C66B8;
			productRefGroup = D4DFA8E02A140EE9002C66B8 /* Products */;
			projectDirPath = "";
			projectRoot = "";
			targets = (
				D4DFA8DE2A140EE9002C66B8 /* Flixter */,
				D4DFA8F92A140EEA002C66B8 /* FlixterTests */,
				D4DFA9032A140EEA002C66B8 /* FlixterUITests */,
			);
		};
/* End PBXProject section */

/* Begin PBXResourcesBuildPhase section */
		D4DFA8DD2A140EE9002C66B8 /* Resources */ = {
			isa = PBXResourcesBuildPhase;
			buildActionMask = 2147483647;
			files = (
				D4DFA8EF2A140EEA002C66B8 /* Assets.xcassets in Resources */,
			);
			runOnlyForDeploymentPostprocessing = 0;
		};
		D4DFA8F82A140EEA002C66B8 /* Resources */ = {
			isa = PBXResourcesBuildPhase;
			buildActionMask = 2147483647;
			files = (
			);
			runOnlyForDeploymentPostprocessing = 0;
		};
		D4DFA9022A140EEA002C66B8 /* Resources */ = {
			isa = PBXResourcesBuildPhase;
			buildActionMask = 2147483647;
			files = (
			);
			runOnlyForDeploymentPostprocessing = 0;
		};
/* End PBXResourcesBuildPhase section */

/* Begin PBXShellScriptBuildPhase section */
		12B4274A80CA93339390D444 /* [CP] Check Pods Manifest.lock */ = {
			isa = PBXShellScriptBuildPhase;
			buildActionMask = 2147483647;
			files = (
			);
			inputFileListPaths = (
			);
			inputPaths = (
				"${PODS_PODFILE_DIR_PATH}/Podfile.lock",
				"${PODS_ROOT}/Manifest.lock",
			);
			name = "[CP] Check Pods Manifest.lock";
			outputFileListPaths = (
			);
			outputPaths = (
				"$(DERIVED_FILE_DIR)/Pods-Flixter-FlixterUITests-checkManifestLockResult.txt",
			);
			runOnlyForDeploymentPostprocessing = 0;
			shellPath = /bin/sh;
			shellScript = "diff \"${PODS_PODFILE_DIR_PATH}/Podfile.lock\" \"${PODS_ROOT}/Manifest.lock\" > /dev/null\nif [ $? != 0 ] ; then\n    # print error to STDERR\n    echo \"error: The sandbox is not in sync with the Podfile.lock. Run 'pod install' or update your CocoaPods installation.\" >&2\n    exit 1\nfi\n# This output is used by Xcode 'outputs' to avoid re-running this script phase.\necho \"SUCCESS\" > \"${SCRIPT_OUTPUT_FILE_0}\"\n";
			showEnvVarsInLog = 0;
		};
		7BF7C936D86EF58A53118AC6 /* [CP] Check Pods Manifest.lock */ = {
			isa = PBXShellScriptBuildPhase;
			buildActionMask = 2147483647;
			files = (
			);
			inputFileListPaths = (
			);
			inputPaths = (
				"${PODS_PODFILE_DIR_PATH}/Podfile.lock",
				"${PODS_ROOT}/Manifest.lock",
			);
			name = "[CP] Check Pods Manifest.lock";
			outputFileListPaths = (
			);
			outputPaths = (
				"$(DERIVED_FILE_DIR)/Pods-FlixterTests-checkManifestLockResult.txt",
			);
			runOnlyForDeploymentPostprocessing = 0;
			shellPath = /bin/sh;
			shellScript = "diff \"${PODS_PODFILE_DIR_PATH}/Podfile.lock\" \"${PODS_ROOT}/Manifest.lock\" > /dev/null\nif [ $? != 0 ] ; then\n    # print error to STDERR\n    echo \"error: The sandbox is not in sync with the Podfile.lock. Run 'pod install' or update your CocoaPods installation.\" >&2\n    exit 1\nfi\n# This output is used by Xcode 'outputs' to avoid re-running this script phase.\necho \"SUCCESS\" > \"${SCRIPT_OUTPUT_FILE_0}\"\n";
			showEnvVarsInLog = 0;
		};
		7D75E6B39DF5F72A35926E64 /* [CP] Embed Pods Frameworks */ = {
			isa = PBXShellScriptBuildPhase;
			buildActionMask = 2147483647;
			files = (
			);
			inputFileListPaths = (
				"${PODS_ROOT}/Target Support Files/Pods-Flixter/Pods-Flixter-frameworks-${CONFIGURATION}-input-files.xcfilelist",
			);
			name = "[CP] Embed Pods Frameworks";
			outputFileListPaths = (
				"${PODS_ROOT}/Target Support Files/Pods-Flixter/Pods-Flixter-frameworks-${CONFIGURATION}-output-files.xcfilelist",
			);
			runOnlyForDeploymentPostprocessing = 0;
			shellPath = /bin/sh;
			shellScript = "\"${PODS_ROOT}/Target Support Files/Pods-Flixter/Pods-Flixter-frameworks.sh\"\n";
			showEnvVarsInLog = 0;
		};
		81E7707027D51B275E6C069C /* [CP] Check Pods Manifest.lock */ = {
			isa = PBXShellScriptBuildPhase;
			buildActionMask = 2147483647;
			files = (
			);
			inputFileListPaths = (
			);
			inputPaths = (
				"${PODS_PODFILE_DIR_PATH}/Podfile.lock",
				"${PODS_ROOT}/Manifest.lock",
			);
			name = "[CP] Check Pods Manifest.lock";
			outputFileListPaths = (
			);
			outputPaths = (
				"$(DERIVED_FILE_DIR)/Pods-Flixter-checkManifestLockResult.txt",
			);
			runOnlyForDeploymentPostprocessing = 0;
			shellPath = /bin/sh;
			shellScript = "diff \"${PODS_PODFILE_DIR_PATH}/Podfile.lock\" \"${PODS_ROOT}/Manifest.lock\" > /dev/null\nif [ $? != 0 ] ; then\n    # print error to STDERR\n    echo \"error: The sandbox is not in sync with the Podfile.lock. Run 'pod install' or update your CocoaPods installation.\" >&2\n    exit 1\nfi\n# This output is used by Xcode 'outputs' to avoid re-running this script phase.\necho \"SUCCESS\" > \"${SCRIPT_OUTPUT_FILE_0}\"\n";
			showEnvVarsInLog = 0;
		};
		EE19683DC96B920A025A8428 /* [CP] Embed Pods Frameworks */ = {
			isa = PBXShellScriptBuildPhase;
			buildActionMask = 2147483647;
			files = (
			);
			inputFileListPaths = (
				"${PODS_ROOT}/Target Support Files/Pods-Flixter-FlixterUITests/Pods-Flixter-FlixterUITests-frameworks-${CONFIGURATION}-input-files.xcfilelist",
			);
			name = "[CP] Embed Pods Frameworks";
			outputFileListPaths = (
				"${PODS_ROOT}/Target Support Files/Pods-Flixter-FlixterUITests/Pods-Flixter-FlixterUITests-frameworks-${CONFIGURATION}-output-files.xcfilelist",
			);
			runOnlyForDeploymentPostprocessing = 0;
			shellPath = /bin/sh;
			shellScript = "\"${PODS_ROOT}/Target Support Files/Pods-Flixter-FlixterUITests/Pods-Flixter-FlixterUITests-frameworks.sh\"\n";
			showEnvVarsInLog = 0;
		};
/* End PBXShellScriptBuildPhase section */

/* Begin PBXSourcesBuildPhase section */
		D4DFA8DB2A140EE9002C66B8 /* Sources */ = {
			isa = PBXSourcesBuildPhase;
			buildActionMask = 2147483647;
			files = (
				D4A27D2E2A15589600BAC32F /* MovieComponent.mm in Sources */,
				D4A27D312A156CD300BAC32F /* ImageDownloader.mm in Sources */,
				D4E6309D2A1517AE0015222B /* FlixterViewController.mm in Sources */,
				D4CCE8C12A154839008151F5 /* NetworkManager.m in Sources */,
				D408C1C32A16A12300FDAFF2 /* PosterComponent.mm in Sources */,
				D408C1C72A170D2F00FDAFF2 /* MoviesViewModel.m in Sources */,
				D4DFA8E42A140EE9002C66B8 /* AppDelegate.m in Sources */,
				D4E6309B2A1516A00015222B /* RootComponentProvider.mm in Sources */,
				D4DFA8F52A140EEA002C66B8 /* main.m in Sources */,
				D4CCE8C82A1549A7008151F5 /* Movie.m in Sources */,
				D4DFA8E72A140EE9002C66B8 /* SceneDelegate.m in Sources */,
				D4DFA91D2A141681002C66B8 /* HelloWorldComponent.mm in Sources */,
			);
			runOnlyForDeploymentPostprocessing = 0;
		};
		D4DFA8F62A140EEA002C66B8 /* Sources */ = {
			isa = PBXSourcesBuildPhase;
			buildActionMask = 2147483647;
			files = (
				D4DFA8FF2A140EEA002C66B8 /* FlixterTests.m in Sources */,
			);
			runOnlyForDeploymentPostprocessing = 0;
		};
		D4DFA9002A140EEA002C66B8 /* Sources */ = {
			isa = PBXSourcesBuildPhase;
			buildActionMask = 2147483647;
			files = (
				D4DFA9092A140EEA002C66B8 /* FlixterUITests.m in Sources */,
				D4DFA90B2A140EEA002C66B8 /* FlixterUITestsLaunchTests.m in Sources */,
			);
			runOnlyForDeploymentPostprocessing = 0;
		};
/* End PBXSourcesBuildPhase section */

/* Begin PBXTargetDependency section */
		D4DFA8FC2A140EEA002C66B8 /* PBXTargetDependency */ = {
			isa = PBXTargetDependency;
			target = D4DFA8DE2A140EE9002C66B8 /* Flixter */;
			targetProxy = D4DFA8FB2A140EEA002C66B8 /* PBXContainerItemProxy */;
		};
		D4DFA9062A140EEA002C66B8 /* PBXTargetDependency */ = {
			isa = PBXTargetDependency;
			target = D4DFA8DE2A140EE9002C66B8 /* Flixter */;
			targetProxy = D4DFA9052A140EEA002C66B8 /* PBXContainerItemProxy */;
		};
/* End PBXTargetDependency section */

/* Begin XCBuildConfiguration section */
		D4DFA90C2A140EEA002C66B8 /* Debug */ = {
			isa = XCBuildConfiguration;
			buildSettings = {
				ALWAYS_SEARCH_USER_PATHS = NO;
				CLANG_ANALYZER_NONNULL = YES;
				CLANG_ANALYZER_NUMBER_OBJECT_CONVERSION = YES_AGGRESSIVE;
				CLANG_CXX_LANGUAGE_STANDARD = "gnu++20";
				CLANG_ENABLE_MODULES = YES;
				CLANG_ENABLE_OBJC_ARC = YES;
				CLANG_ENABLE_OBJC_WEAK = YES;
				CLANG_WARN_BLOCK_CAPTURE_AUTORELEASING = YES;
				CLANG_WARN_BOOL_CONVERSION = YES;
				CLANG_WARN_COMMA = YES;
				CLANG_WARN_CONSTANT_CONVERSION = YES;
				CLANG_WARN_DEPRECATED_OBJC_IMPLEMENTATIONS = YES;
				CLANG_WARN_DIRECT_OBJC_ISA_USAGE = YES_ERROR;
				CLANG_WARN_DOCUMENTATION_COMMENTS = YES;
				CLANG_WARN_EMPTY_BODY = YES;
				CLANG_WARN_ENUM_CONVERSION = YES;
				CLANG_WARN_INFINITE_RECURSION = YES;
				CLANG_WARN_INT_CONVERSION = YES;
				CLANG_WARN_NON_LITERAL_NULL_CONVERSION = YES;
				CLANG_WARN_OBJC_IMPLICIT_RETAIN_SELF = YES;
				CLANG_WARN_OBJC_LITERAL_CONVERSION = YES;
				CLANG_WARN_OBJC_ROOT_CLASS = YES_ERROR;
				CLANG_WARN_QUOTED_INCLUDE_IN_FRAMEWORK_HEADER = YES;
				CLANG_WARN_RANGE_LOOP_ANALYSIS = YES;
				CLANG_WARN_STRICT_PROTOTYPES = YES;
				CLANG_WARN_SUSPICIOUS_MOVE = YES;
				CLANG_WARN_UNGUARDED_AVAILABILITY = YES_AGGRESSIVE;
				CLANG_WARN_UNREACHABLE_CODE = YES;
				CLANG_WARN__DUPLICATE_METHOD_MATCH = YES;
				COPY_PHASE_STRIP = NO;
				DEBUG_INFORMATION_FORMAT = dwarf;
				ENABLE_STRICT_OBJC_MSGSEND = YES;
				ENABLE_TESTABILITY = YES;
				GCC_C_LANGUAGE_STANDARD = gnu11;
				GCC_DYNAMIC_NO_PIC = NO;
				GCC_NO_COMMON_BLOCKS = YES;
				GCC_OPTIMIZATION_LEVEL = 0;
				GCC_PREPROCESSOR_DEFINITIONS = (
					"DEBUG=1",
					"$(inherited)",
				);
				GCC_WARN_64_TO_32_BIT_CONVERSION = YES;
				GCC_WARN_ABOUT_RETURN_TYPE = YES_ERROR;
				GCC_WARN_UNDECLARED_SELECTOR = YES;
				GCC_WARN_UNINITIALIZED_AUTOS = YES_AGGRESSIVE;
				GCC_WARN_UNUSED_FUNCTION = YES;
				GCC_WARN_UNUSED_VARIABLE = YES;
				IPHONEOS_DEPLOYMENT_TARGET = 16.2;
				MTL_ENABLE_DEBUG_INFO = INCLUDE_SOURCE;
				MTL_FAST_MATH = YES;
				ONLY_ACTIVE_ARCH = YES;
				SDKROOT = iphoneos;
			};
			name = Debug;
		};
		D4DFA90D2A140EEA002C66B8 /* Release */ = {
			isa = XCBuildConfiguration;
			buildSettings = {
				ALWAYS_SEARCH_USER_PATHS = NO;
				CLANG_ANALYZER_NONNULL = YES;
				CLANG_ANALYZER_NUMBER_OBJECT_CONVERSION = YES_AGGRESSIVE;
				CLANG_CXX_LANGUAGE_STANDARD = "gnu++20";
				CLANG_ENABLE_MODULES = YES;
				CLANG_ENABLE_OBJC_ARC = YES;
				CLANG_ENABLE_OBJC_WEAK = YES;
				CLANG_WARN_BLOCK_CAPTURE_AUTORELEASING = YES;
				CLANG_WARN_BOOL_CONVERSION = YES;
				CLANG_WARN_COMMA = YES;
				CLANG_WARN_CONSTANT_CONVERSION = YES;
				CLANG_WARN_DEPRECATED_OBJC_IMPLEMENTATIONS = YES;
				CLANG_WARN_DIRECT_OBJC_ISA_USAGE = YES_ERROR;
				CLANG_WARN_DOCUMENTATION_COMMENTS = YES;
				CLANG_WARN_EMPTY_BODY = YES;
				CLANG_WARN_ENUM_CONVERSION = YES;
				CLANG_WARN_INFINITE_RECURSION = YES;
				CLANG_WARN_INT_CONVERSION = YES;
				CLANG_WARN_NON_LITERAL_NULL_CONVERSION = YES;
				CLANG_WARN_OBJC_IMPLICIT_RETAIN_SELF = YES;
				CLANG_WARN_OBJC_LITERAL_CONVERSION = YES;
				CLANG_WARN_OBJC_ROOT_CLASS = YES_ERROR;
				CLANG_WARN_QUOTED_INCLUDE_IN_FRAMEWORK_HEADER = YES;
				CLANG_WARN_RANGE_LOOP_ANALYSIS = YES;
				CLANG_WARN_STRICT_PROTOTYPES = YES;
				CLANG_WARN_SUSPICIOUS_MOVE = YES;
				CLANG_WARN_UNGUARDED_AVAILABILITY = YES_AGGRESSIVE;
				CLANG_WARN_UNREACHABLE_CODE = YES;
				CLANG_WARN__DUPLICATE_METHOD_MATCH = YES;
				COPY_PHASE_STRIP = NO;
				DEBUG_INFORMATION_FORMAT = "dwarf-with-dsym";
				ENABLE_NS_ASSERTIONS = NO;
				ENABLE_STRICT_OBJC_MSGSEND = YES;
				GCC_C_LANGUAGE_STANDARD = gnu11;
				GCC_NO_COMMON_BLOCKS = YES;
				GCC_WARN_64_TO_32_BIT_CONVERSION = YES;
				GCC_WARN_ABOUT_RETURN_TYPE = YES_ERROR;
				GCC_WARN_UNDECLARED_SELECTOR = YES;
				GCC_WARN_UNINITIALIZED_AUTOS = YES_AGGRESSIVE;
				GCC_WARN_UNUSED_FUNCTION = YES;
				GCC_WARN_UNUSED_VARIABLE = YES;
				IPHONEOS_DEPLOYMENT_TARGET = 16.2;
				MTL_ENABLE_DEBUG_INFO = NO;
				MTL_FAST_MATH = YES;
				SDKROOT = iphoneos;
				VALIDATE_PRODUCT = YES;
			};
			name = Release;
		};
		D4DFA90F2A140EEA002C66B8 /* Debug */ = {
			isa = XCBuildConfiguration;
			baseConfigurationReference = ABC7F3B452CE8EE4E04FC9BD /* Pods-Flixter.debug.xcconfig */;
			buildSettings = {
				ASSETCATALOG_COMPILER_APPICON_NAME = AppIcon;
				ASSETCATALOG_COMPILER_GLOBAL_ACCENT_COLOR_NAME = AccentColor;
				CODE_SIGN_STYLE = Automatic;
				CURRENT_PROJECT_VERSION = 1;
				DEVELOPMENT_TEAM = JS2VW2G96S;
				GENERATE_INFOPLIST_FILE = YES;
				INFOPLIST_FILE = Flixter/Info.plist;
				INFOPLIST_KEY_UIApplicationSupportsIndirectInputEvents = YES;
				INFOPLIST_KEY_UILaunchStoryboardName = LaunchScreen;
				INFOPLIST_KEY_UISupportedInterfaceOrientations_iPad = "UIInterfaceOrientationPortrait UIInterfaceOrientationPortraitUpsideDown UIInterfaceOrientationLandscapeLeft UIInterfaceOrientationLandscapeRight";
				INFOPLIST_KEY_UISupportedInterfaceOrientations_iPhone = "UIInterfaceOrientationPortrait UIInterfaceOrientationLandscapeLeft UIInterfaceOrientationLandscapeRight";
				LD_RUNPATH_SEARCH_PATHS = (
					"$(inherited)",
					"@executable_path/Frameworks",
				);
				MARKETING_VERSION = 1.0;
				PRODUCT_BUNDLE_IDENTIFIER = com.mav.Flixter;
				PRODUCT_NAME = "$(TARGET_NAME)";
				SWIFT_EMIT_LOC_STRINGS = YES;
				TARGETED_DEVICE_FAMILY = "1,2";
			};
			name = Debug;
		};
		D4DFA9102A140EEA002C66B8 /* Release */ = {
			isa = XCBuildConfiguration;
			baseConfigurationReference = 5B62BAE1874EBFCA2A59F262 /* Pods-Flixter.release.xcconfig */;
			buildSettings = {
				ASSETCATALOG_COMPILER_APPICON_NAME = AppIcon;
				ASSETCATALOG_COMPILER_GLOBAL_ACCENT_COLOR_NAME = AccentColor;
				CODE_SIGN_STYLE = Automatic;
				CURRENT_PROJECT_VERSION = 1;
				DEVELOPMENT_TEAM = JS2VW2G96S;
				GENERATE_INFOPLIST_FILE = YES;
				INFOPLIST_FILE = Flixter/Info.plist;
				INFOPLIST_KEY_UIApplicationSupportsIndirectInputEvents = YES;
				INFOPLIST_KEY_UILaunchStoryboardName = LaunchScreen;
				INFOPLIST_KEY_UISupportedInterfaceOrientations_iPad = "UIInterfaceOrientationPortrait UIInterfaceOrientationPortraitUpsideDown UIInterfaceOrientationLandscapeLeft UIInterfaceOrientationLandscapeRight";
				INFOPLIST_KEY_UISupportedInterfaceOrientations_iPhone = "UIInterfaceOrientationPortrait UIInterfaceOrientationLandscapeLeft UIInterfaceOrientationLandscapeRight";
				LD_RUNPATH_SEARCH_PATHS = (
					"$(inherited)",
					"@executable_path/Frameworks",
				);
				MARKETING_VERSION = 1.0;
				PRODUCT_BUNDLE_IDENTIFIER = com.mav.Flixter;
				PRODUCT_NAME = "$(TARGET_NAME)";
				SWIFT_EMIT_LOC_STRINGS = YES;
				TARGETED_DEVICE_FAMILY = "1,2";
			};
			name = Release;
		};
		D4DFA9122A140EEA002C66B8 /* Debug */ = {
			isa = XCBuildConfiguration;
			baseConfigurationReference = A5141A98A08C329DD3E8D327 /* Pods-FlixterTests.debug.xcconfig */;
			buildSettings = {
				BUNDLE_LOADER = "$(TEST_HOST)";
				CODE_SIGN_STYLE = Automatic;
				CURRENT_PROJECT_VERSION = 1;
				DEVELOPMENT_TEAM = JS2VW2G96S;
				GENERATE_INFOPLIST_FILE = YES;
				IPHONEOS_DEPLOYMENT_TARGET = 16.2;
				MARKETING_VERSION = 1.0;
				PRODUCT_BUNDLE_IDENTIFIER = com.mav.FlixterTests;
				PRODUCT_NAME = "$(TARGET_NAME)";
				SWIFT_EMIT_LOC_STRINGS = NO;
				TARGETED_DEVICE_FAMILY = "1,2";
				TEST_HOST = "$(BUILT_PRODUCTS_DIR)/Flixter.app/$(BUNDLE_EXECUTABLE_FOLDER_PATH)/Flixter";
			};
			name = Debug;
		};
		D4DFA9132A140EEA002C66B8 /* Release */ = {
			isa = XCBuildConfiguration;
			baseConfigurationReference = 5FC07D0D0E89E6AF3E77692F /* Pods-FlixterTests.release.xcconfig */;
			buildSettings = {
				BUNDLE_LOADER = "$(TEST_HOST)";
				CODE_SIGN_STYLE = Automatic;
				CURRENT_PROJECT_VERSION = 1;
				DEVELOPMENT_TEAM = JS2VW2G96S;
				GENERATE_INFOPLIST_FILE = YES;
				IPHONEOS_DEPLOYMENT_TARGET = 16.2;
				MARKETING_VERSION = 1.0;
				PRODUCT_BUNDLE_IDENTIFIER = com.mav.FlixterTests;
				PRODUCT_NAME = "$(TARGET_NAME)";
				SWIFT_EMIT_LOC_STRINGS = NO;
				TARGETED_DEVICE_FAMILY = "1,2";
				TEST_HOST = "$(BUILT_PRODUCTS_DIR)/Flixter.app/$(BUNDLE_EXECUTABLE_FOLDER_PATH)/Flixter";
			};
			name = Release;
		};
		D4DFA9152A140EEA002C66B8 /* Debug */ = {
			isa = XCBuildConfiguration;
			baseConfigurationReference = 261455C15A75BE2A6A46010C /* Pods-Flixter-FlixterUITests.debug.xcconfig */;
			buildSettings = {
				CODE_SIGN_STYLE = Automatic;
				CURRENT_PROJECT_VERSION = 1;
				DEVELOPMENT_TEAM = JS2VW2G96S;
				GENERATE_INFOPLIST_FILE = YES;
				MARKETING_VERSION = 1.0;
				PRODUCT_BUNDLE_IDENTIFIER = com.mav.FlixterUITests;
				PRODUCT_NAME = "$(TARGET_NAME)";
				SWIFT_EMIT_LOC_STRINGS = NO;
				TARGETED_DEVICE_FAMILY = "1,2";
				TEST_TARGET_NAME = Flixter;
			};
			name = Debug;
		};
		D4DFA9162A140EEA002C66B8 /* Release */ = {
			isa = XCBuildConfiguration;
			baseConfigurationReference = 9307C76D72C2620008AA150A /* Pods-Flixter-FlixterUITests.release.xcconfig */;
			buildSettings = {
				CODE_SIGN_STYLE = Automatic;
				CURRENT_PROJECT_VERSION = 1;
				DEVELOPMENT_TEAM = JS2VW2G96S;
				GENERATE_INFOPLIST_FILE = YES;
				MARKETING_VERSION = 1.0;
				PRODUCT_BUNDLE_IDENTIFIER = com.mav.FlixterUITests;
				PRODUCT_NAME = "$(TARGET_NAME)";
				SWIFT_EMIT_LOC_STRINGS = NO;
				TARGETED_DEVICE_FAMILY = "1,2";
				TEST_TARGET_NAME = Flixter;
			};
			name = Release;
		};
/* End XCBuildConfiguration section */

/* Begin XCConfigurationList section */
		D4DFA8DA2A140EE9002C66B8 /* Build configuration list for PBXProject "Flixter" */ = {
			isa = XCConfigurationList;
			buildConfigurations = (
				D4DFA90C2A140EEA002C66B8 /* Debug */,
				D4DFA90D2A140EEA002C66B8 /* Release */,
			);
			defaultConfigurationIsVisible = 0;
			defaultConfigurationName = Release;
		};
		D4DFA90E2A140EEA002C66B8 /* Build configuration list for PBXNativeTarget "Flixter" */ = {
			isa = XCConfigurationList;
			buildConfigurations = (
				D4DFA90F2A140EEA002C66B8 /* Debug */,
				D4DFA9102A140EEA002C66B8 /* Release */,
			);
			defaultConfigurationIsVisible = 0;
			defaultConfigurationName = Release;
		};
		D4DFA9112A140EEA002C66B8 /* Build configuration list for PBXNativeTarget "FlixterTests" */ = {
			isa = XCConfigurationList;
			buildConfigurations = (
				D4DFA9122A140EEA002C66B8 /* Debug */,
				D4DFA9132A140EEA002C66B8 /* Release */,
			);
			defaultConfigurationIsVisible = 0;
			defaultConfigurationName = Release;
		};
		D4DFA9142A140EEA002C66B8 /* Build configuration list for PBXNativeTarget "FlixterUITests" */ = {
			isa = XCConfigurationList;
			buildConfigurations = (
				D4DFA9152A140EEA002C66B8 /* Debug */,
				D4DFA9162A140EEA002C66B8 /* Release */,
			);
			defaultConfigurationIsVisible = 0;
			defaultConfigurationName = Release;
		};
/* End XCConfigurationList section */
	};
	rootObject = D4DFA8D72A140EE9002C66B8 /* Project object */;
}
